
Microsoft Visual Studio Solution File, Format Version 12.00
# Visual Studio Version 16
VisualStudioVersion = 16.0.30225.117
MinimumVisualStudioVersion = 10.0.40219.1
Project("{9A19103F-16F7-4668-BE54-9A1E7A4F7556}") = "Core", "Core\Core.csproj", "{3A83D75B-CFE6-4FF4-9987-C88BA4E6BD26}"
EndProject
Project("{9A19103F-16F7-4668-BE54-9A1E7A4F7556}") = "MasterCraftBreweryAPI", "MasterCraftBreweryAPI\MasterCraftBreweryAPI.csproj", "{FB377D2F-3CA4-46DA-8AC9-25939A18C4D6}"
EndProject
Project("{9A19103F-16F7-4668-BE54-9A1E7A4F7556}") = "Tests", "Tests\Tests.csproj", "{20B0FE64-E58B-4480-A895-A88729637622}"
EndProject
Global
	GlobalSection(SolutionConfigurationPlatforms) = preSolution
		Debug|Any CPU = Debug|Any CPU
		Release|Any CPU = Release|Any CPU
	EndGlobalSection
	GlobalSection(ProjectConfigurationPlatforms) = postSolution
		{3A83D75B-CFE6-4FF4-9987-C88BA4E6BD26}.Debug|Any CPU.ActiveCfg = Debug|Any CPU
		{3A83D75B-CFE6-4FF4-9987-C88BA4E6BD26}.Debug|Any CPU.Build.0 = Debug|Any CPU
		{3A83D75B-CFE6-4FF4-9987-C88BA4E6BD26}.Release|Any CPU.ActiveCfg = Release|Any CPU
		{3A83D75B-CFE6-4FF4-9987-C88BA4E6BD26}.Release|Any CPU.Build.0 = Release|Any CPU
		{FB377D2F-3CA4-46DA-8AC9-25939A18C4D6}.Debug|Any CPU.ActiveCfg = Debug|Any CPU
		{FB377D2F-3CA4-46DA-8AC9-25939A18C4D6}.Debug|Any CPU.Build.0 = Debug|Any CPU
		{FB377D2F-3CA4-46DA-8AC9-25939A18C4D6}.Release|Any CPU.ActiveCfg = Release|Any CPU
		{FB377D2F-3CA4-46DA-8AC9-25939A18C4D6}.Release|Any CPU.Build.0 = Release|Any CPU
		{20B0FE64-E58B-4480-A895-A88729637622}.Debug|Any CPU.ActiveCfg = Debug|Any CPU
		{20B0FE64-E58B-4480-A895-A88729637622}.Debug|Any CPU.Build.0 = Debug|Any CPU
		{20B0FE64-E58B-4480-A895-A88729637622}.Release|Any CPU.ActiveCfg = Release|Any CPU
		{20B0FE64-E58B-4480-A895-A88729637622}.Release|Any CPU.Build.0 = Release|Any CPU
	EndGlobalSection
	GlobalSection(SolutionProperties) = preSolution
		HideSolutionNode = FALSE
	EndGlobalSection
	GlobalSection(ExtensibilityGlobals) = postSolution
		SolutionGuid = {B8D8CE39-9A8B-492D-AD03-11638D181216}
	EndGlobalSection
EndGlobal
